
Microsoft Visual Studio Solution File, Format Version 12.00
# Visual Studio Version 16
VisualStudioVersion = 16.0.30114.105
MinimumVisualStudioVersion = 10.0.40219.1
Project("{2150E333-8FDC-42A3-9474-1A3956D46DE8}") = "src", "src", "{ED3E5026-44DB-4579-9B4F-3B453427DB3E}"
EndProject
Project("{FAE04EC0-301F-11D3-BF4B-00C04F79EFBC}") = "SchoolApp.WebApi", "src\SchoolApp.WebApi\SchoolApp.WebApi.csproj", "{F9B68F29-DE22-4D6C-9D57-93192C2E7716}"
EndProject
Global
	GlobalSection(SolutionConfigurationPlatforms) = preSolution
		Debug|Any CPU = Debug|Any CPU
		Release|Any CPU = Release|Any CPU
	EndGlobalSection
	GlobalSection(SolutionProperties) = preSolution
		HideSolutionNode = FALSE
	EndGlobalSection
	GlobalSection(ProjectConfigurationPlatforms) = postSolution
		{F9B68F29-DE22-4D6C-9D57-93192C2E7716}.Debug|Any CPU.ActiveCfg = Debug|Any CPU
		{F9B68F29-DE22-4D6C-9D57-93192C2E7716}.Debug|Any CPU.Build.0 = Debug|Any CPU
		{F9B68F29-DE22-4D6C-9D57-93192C2E7716}.Release|Any CPU.ActiveCfg = Release|Any CPU
		{F9B68F29-DE22-4D6C-9D57-93192C2E7716}.Release|Any CPU.Build.0 = Release|Any CPU
	EndGlobalSection
	GlobalSection(NestedProjects) = preSolution
		{F9B68F29-DE22-4D6C-9D57-93192C2E7716} = {ED3E5026-44DB-4579-9B4F-3B453427DB3E}
	EndGlobalSection
EndGlobal
